
Microsoft Visual Studio Solution File, Format Version 12.00
# Visual Studio Version 17
VisualStudioVersion = 17.11.35222.181
MinimumVisualStudioVersion = 10.0.40219.1
Project("{FAE04EC0-301F-11D3-BF4B-00C04F79EFBC}") = "Baitap07", "Baitap07\Baitap07.csproj", "{082DE5D0-C5C0-45CC-B3BB-088D8F1A9D72}"
EndProject
Global
	GlobalSection(SolutionConfigurationPlatforms) = preSolution
		Debug|Any CPU = Debug|Any CPU
		Release|Any CPU = Release|Any CPU
	EndGlobalSection
	GlobalSection(ProjectConfigurationPlatforms) = postSolution
		{082DE5D0-C5C0-45CC-B3BB-088D8F1A9D72}.Debug|Any CPU.ActiveCfg = Debug|Any CPU
		{082DE5D0-C5C0-45CC-B3BB-088D8F1A9D72}.Debug|Any CPU.Build.0 = Debug|Any CPU
		{082DE5D0-C5C0-45CC-B3BB-088D8F1A9D72}.Release|Any CPU.ActiveCfg = Release|Any CPU
		{082DE5D0-C5C0-45CC-B3BB-088D8F1A9D72}.Release|Any CPU.Build.0 = Release|Any CPU
	EndGlobalSection
	GlobalSection(SolutionProperties) = preSolution
		HideSolutionNode = FALSE
	EndGlobalSection
	GlobalSection(ExtensibilityGlobals) = postSolution
		SolutionGuid = {3B06A330-C9D4-465F-9F57-221817610631}
	EndGlobalSection
EndGlobal
