
Microsoft Visual Studio Solution File, Format Version 12.00
# Visual Studio Version 17
VisualStudioVersion = 17.11.35219.272
MinimumVisualStudioVersion = 10.0.40219.1
Project("{FAE04EC0-301F-11D3-BF4B-00C04F79EFBC}") = "BaiTap02", "BaiTap02.csproj", "{47A45BFD-759F-4508-B3FA-29ECA1555E9F}"
EndProject
Global
	GlobalSection(SolutionConfigurationPlatforms) = preSolution
		Debug|Any CPU = Debug|Any CPU
		Release|Any CPU = Release|Any CPU
	EndGlobalSection
	GlobalSection(ProjectConfigurationPlatforms) = postSolution
		{47A45BFD-759F-4508-B3FA-29ECA1555E9F}.Debug|Any CPU.ActiveCfg = Debug|Any CPU
		{47A45BFD-759F-4508-B3FA-29ECA1555E9F}.Debug|Any CPU.Build.0 = Debug|Any CPU
		{47A45BFD-759F-4508-B3FA-29ECA1555E9F}.Release|Any CPU.ActiveCfg = Release|Any CPU
		{47A45BFD-759F-4508-B3FA-29ECA1555E9F}.Release|Any CPU.Build.0 = Release|Any CPU
	EndGlobalSection
	GlobalSection(SolutionProperties) = preSolution
		HideSolutionNode = FALSE
	EndGlobalSection
	GlobalSection(ExtensibilityGlobals) = postSolution
		SolutionGuid = {8321CB5F-1DF2-4E94-BD95-FC2F3E9E8764}
	EndGlobalSection
EndGlobal
