
Microsoft Visual Studio Solution File, Format Version 12.00
# Visual Studio Version 17
VisualStudioVersion = 17.11.35219.272
MinimumVisualStudioVersion = 10.0.40219.1
Project("{FAE04EC0-301F-11D3-BF4B-00C04F79EFBC}") = "BaiTap01", "BaiTap01.csproj", "{8DD453CD-D7FF-45E4-BB1D-42CF52B2E5F9}"
EndProject
Global
	GlobalSection(SolutionConfigurationPlatforms) = preSolution
		Debug|Any CPU = Debug|Any CPU
		Release|Any CPU = Release|Any CPU
	EndGlobalSection
	GlobalSection(ProjectConfigurationPlatforms) = postSolution
		{8DD453CD-D7FF-45E4-BB1D-42CF52B2E5F9}.Debug|Any CPU.ActiveCfg = Debug|Any CPU
		{8DD453CD-D7FF-45E4-BB1D-42CF52B2E5F9}.Debug|Any CPU.Build.0 = Debug|Any CPU
		{8DD453CD-D7FF-45E4-BB1D-42CF52B2E5F9}.Release|Any CPU.ActiveCfg = Release|Any CPU
		{8DD453CD-D7FF-45E4-BB1D-42CF52B2E5F9}.Release|Any CPU.Build.0 = Release|Any CPU
	EndGlobalSection
	GlobalSection(SolutionProperties) = preSolution
		HideSolutionNode = FALSE
	EndGlobalSection
	GlobalSection(ExtensibilityGlobals) = postSolution
		SolutionGuid = {464A678C-71A4-4595-8E69-09DC35BBFB0F}
	EndGlobalSection
EndGlobal
